
Microsoft Visual Studio Solution File, Format Version 12.00
# Visual Studio Version 17
VisualStudioVersion = 17.3.32901.215
MinimumVisualStudioVersion = 10.0.40219.1
Project("{FAE04EC0-301F-11D3-BF4B-00C04F79EFBC}") = "PicBlender", "LAB02_SharrySingh\PicBlender.csproj", "{B97E4CC9-CAA9-4938-B5DC-DB34A5B5BB72}"
EndProject
Global
	GlobalSection(SolutionConfigurationPlatforms) = preSolution
		Debug|Any CPU = Debug|Any CPU
		Release|Any CPU = Release|Any CPU
	EndGlobalSection
	GlobalSection(ProjectConfigurationPlatforms) = postSolution
		{B97E4CC9-CAA9-4938-B5DC-DB34A5B5BB72}.Debug|Any CPU.ActiveCfg = Debug|Any CPU
		{B97E4CC9-CAA9-4938-B5DC-DB34A5B5BB72}.Debug|Any CPU.Build.0 = Debug|Any CPU
		{B97E4CC9-CAA9-4938-B5DC-DB34A5B5BB72}.Release|Any CPU.ActiveCfg = Release|Any CPU
		{B97E4CC9-CAA9-4938-B5DC-DB34A5B5BB72}.Release|Any CPU.Build.0 = Release|Any CPU
	EndGlobalSection
	GlobalSection(SolutionProperties) = preSolution
		HideSolutionNode = FALSE
	EndGlobalSection
	GlobalSection(ExtensibilityGlobals) = postSolution
		SolutionGuid = {BC7DCCB0-E347-4982-9ADF-599463386C5D}
	EndGlobalSection
EndGlobal
